
Microsoft Visual Studio Solution File, Format Version 12.00
# Visual Studio Version 16
VisualStudioVersion = 16.0.32228.343
MinimumVisualStudioVersion = 10.0.40219.1
Project("{FAE04EC0-301F-11D3-BF4B-00C04F79EFBC}") = "task day2", "task day2\task day2.csproj", "{BD799707-1D75-4EA6-8183-1B519E844E86}"
EndProject
Global
	GlobalSection(SolutionConfigurationPlatforms) = preSolution
		Debug|Any CPU = Debug|Any CPU
		Release|Any CPU = Release|Any CPU
	EndGlobalSection
	GlobalSection(ProjectConfigurationPlatforms) = postSolution
		{BD799707-1D75-4EA6-8183-1B519E844E86}.Debug|Any CPU.ActiveCfg = Debug|Any CPU
		{BD799707-1D75-4EA6-8183-1B519E844E86}.Debug|Any CPU.Build.0 = Debug|Any CPU
		{BD799707-1D75-4EA6-8183-1B519E844E86}.Release|Any CPU.ActiveCfg = Release|Any CPU
		{BD799707-1D75-4EA6-8183-1B519E844E86}.Release|Any CPU.Build.0 = Release|Any CPU
	EndGlobalSection
	GlobalSection(SolutionProperties) = preSolution
		HideSolutionNode = FALSE
	EndGlobalSection
	GlobalSection(ExtensibilityGlobals) = postSolution
		SolutionGuid = {D5AA9E4E-1A91-4181-9263-7FC4CA4C9436}
	EndGlobalSection
EndGlobal
