
Microsoft Visual Studio Solution File, Format Version 12.00
# Visual Studio Version 16
VisualStudioVersion = 16.0.32228.343
MinimumVisualStudioVersion = 10.0.40219.1
Project("{FAE04EC0-301F-11D3-BF4B-00C04F79EFBC}") = "WinFormsApp2", "WinFormsApp2\WinFormsApp2.csproj", "{9C4E2041-C1F7-42F2-9899-B85C2412C8B5}"
EndProject
Global
	GlobalSection(SolutionConfigurationPlatforms) = preSolution
		Debug|Any CPU = Debug|Any CPU
		Release|Any CPU = Release|Any CPU
	EndGlobalSection
	GlobalSection(ProjectConfigurationPlatforms) = postSolution
		{9C4E2041-C1F7-42F2-9899-B85C2412C8B5}.Debug|Any CPU.ActiveCfg = Debug|Any CPU
		{9C4E2041-C1F7-42F2-9899-B85C2412C8B5}.Debug|Any CPU.Build.0 = Debug|Any CPU
		{9C4E2041-C1F7-42F2-9899-B85C2412C8B5}.Release|Any CPU.ActiveCfg = Release|Any CPU
		{9C4E2041-C1F7-42F2-9899-B85C2412C8B5}.Release|Any CPU.Build.0 = Release|Any CPU
	EndGlobalSection
	GlobalSection(SolutionProperties) = preSolution
		HideSolutionNode = FALSE
	EndGlobalSection
	GlobalSection(ExtensibilityGlobals) = postSolution
		SolutionGuid = {5203B8DB-5F90-4A22-8C8F-0A55C3872746}
	EndGlobalSection
EndGlobal
